ergo.services/ergo v1.999.321-0.20260317083606-402f61f3f971 h1:Et7fwLKKkXx7o0HIxYbqXLsY5xgSPrvbDDAquXVzx5I=
ergo.services/ergo v1.999.321-0.20260317083606-402f61f3f971/go.mod h1:bLQ6PoO6Mz/8gVuzvPv3xfMfo1P9w6rZV1WnMXMeMdg=
ergo.services/meta/sse v0.1.0 h1:kiLU81YPtZX5us7QSlUju5MoGnmArMBoBY/6UWnZ0dI=
ergo.services/meta/sse v0.1.0/go.mod h1:u/UBSIQIVkgf2wDLG0yxAdE6h4Kmy0MSVdpQgFqBJG8=
