ergo.services/ergo v1.999.321-0.20260604080356-c601c4697361 h1:Xh+sAxIVgfNzgeYg1i2WEGataixeNINX5d1lVGVifQc=
ergo.services/ergo v1.999.321-0.20260604080356-c601c4697361/go.mod h1:2WcCdXUIZvCfy9Kkac3Sx6V/tB23Mx3yK6xz77hRfbM=
ergo.services/meta/sse v0.2.0 h1:21y6hAngeQUDxgOSQXMFebGiFG3WGJN9tRo+wz+YSu8=
ergo.services/meta/sse v0.2.0/go.mod h1:u/UBSIQIVkgf2wDLG0yxAdE6h4Kmy0MSVdpQgFqBJG8=
