ergo.services/ergo v1.999.225-0.20240606191206-1e15b2a6774b h1:2MYv58v3azdRFg1ZsgPqIU14DBgQNEIQ9TqnHKcYnIo=
ergo.services/ergo v1.999.225-0.20240606191206-1e15b2a6774b/go.mod h1:bLQ6PoO6Mz/8gVuzvPv3xfMfo1P9w6rZV1WnMXMeMdg=
ergo.services/meta v0.0.0-20240618182718-1ececc3909f1 h1:VPgHev+k+qZxKXRk8nOAwdF2BXy6fr6Nup81+A2u6ec=
ergo.services/meta v0.0.0-20240618182718-1ececc3909f1/go.mod h1:5aggbpBmeuX/gLe3BfrFuK0XASwZRd9RdeTBt9ZMVPY=
github.com/gorilla/websocket v1.5.0 h1:PPwGk2jz7EePpoHN/+ClbZu8SPxiqlu12wZP/3sWmnc=
github.com/gorilla/websocket v1.5.0/go.mod h1:YR8l580nyteQvAITg2hZ9XVh4b55+EU/adAjf1fMHhE=
