ergo.services/ergo v1.999.321-0.20260622145223-b9e1cba762a5 h1:7Ot09p13zeoHS3WQJbuETmeXmn06+nTceRG+2wamNNg=
ergo.services/ergo v1.999.321-0.20260622145223-b9e1cba762a5/go.mod h1:2WcCdXUIZvCfy9Kkac3Sx6V/tB23Mx3yK6xz77hRfbM=
github.com/google/pprof v0.0.0-20260302011040-a15ffb7f9dcc h1:VBbFa1lDYWEeV5FZKUiYKYT0VxCp9twUmmaq9eb8sXw=
github.com/google/pprof v0.0.0-20260302011040-a15ffb7f9dcc/go.mod h1:MxpfABSjhmINe3F1It9d+8exIHFvUqtLIRCdOGNXqiI=
